
Microsoft Visual Studio Solution File, Format Version 12.00
# Visual Studio 15
VisualStudioVersion = 15.0.27130.2026
MinimumVisualStudioVersion = 10.0.40219.1
Project("{FAE04EC0-301F-11D3-BF4B-00C04F79EFBC}") = "SocietyManagementSystem.Web", "SocietyManagementSystem\SocietyManagementSystem.Web.csproj", "{DEBBC178-BCF5-4BF2-8ED1-6508CA736254}"
EndProject
Global
	GlobalSection(SolutionConfigurationPlatforms) = preSolution
		Debug|Any CPU = Debug|Any CPU
		Release|Any CPU = Release|Any CPU
	EndGlobalSection
	GlobalSection(ProjectConfigurationPlatforms) = postSolution
		{DEBBC178-BCF5-4BF2-8ED1-6508CA736254}.Debug|Any CPU.ActiveCfg = Debug|Any CPU
		{DEBBC178-BCF5-4BF2-8ED1-6508CA736254}.Debug|Any CPU.Build.0 = Debug|Any CPU
		{DEBBC178-BCF5-4BF2-8ED1-6508CA736254}.Release|Any CPU.ActiveCfg = Release|Any CPU
		{DEBBC178-BCF5-4BF2-8ED1-6508CA736254}.Release|Any CPU.Build.0 = Release|Any CPU
	EndGlobalSection
	GlobalSection(SolutionProperties) = preSolution
		HideSolutionNode = FALSE
	EndGlobalSection
	GlobalSection(ExtensibilityGlobals) = postSolution
		SolutionGuid = {0365EADC-DE3B-4F40-A395-29C890654E03}
	EndGlobalSection
EndGlobal
